
Microsoft Visual Studio Solution File, Format Version 12.00
# Visual Studio Version 16
VisualStudioVersion = 16.0.29020.237
MinimumVisualStudioVersion = 10.0.40219.1
Project("{FAE04EC0-301F-11D3-BF4B-00C04F79EFBC}") = "Cafe_AfekWinForms", "Cafe_AfekWinForms\Cafe_AfekWinForms.csproj", "{419F49D2-C083-4007-BDF5-1E38ADED99CB}"
EndProject
Project("{FAE04EC0-301F-11D3-BF4B-00C04F79EFBC}") = "Utils", "Utils\Utils.csproj", "{D58A0D1C-C614-472A-A319-5F4F390A1667}"
EndProject
Global
	GlobalSection(SolutionConfigurationPlatforms) = preSolution
		Debug|Any CPU = Debug|Any CPU
		Release|Any CPU = Release|Any CPU
	EndGlobalSection
	GlobalSection(ProjectConfigurationPlatforms) = postSolution
		{419F49D2-C083-4007-BDF5-1E38ADED99CB}.Debug|Any CPU.ActiveCfg = Debug|Any CPU
		{419F49D2-C083-4007-BDF5-1E38ADED99CB}.Debug|Any CPU.Build.0 = Debug|Any CPU
		{419F49D2-C083-4007-BDF5-1E38ADED99CB}.Release|Any CPU.ActiveCfg = Release|Any CPU
		{419F49D2-C083-4007-BDF5-1E38ADED99CB}.Release|Any CPU.Build.0 = Release|Any CPU
		{D58A0D1C-C614-472A-A319-5F4F390A1667}.Debug|Any CPU.ActiveCfg = Debug|Any CPU
		{D58A0D1C-C614-472A-A319-5F4F390A1667}.Debug|Any CPU.Build.0 = Debug|Any CPU
		{D58A0D1C-C614-472A-A319-5F4F390A1667}.Release|Any CPU.ActiveCfg = Release|Any CPU
		{D58A0D1C-C614-472A-A319-5F4F390A1667}.Release|Any CPU.Build.0 = Release|Any CPU
	EndGlobalSection
	GlobalSection(SolutionProperties) = preSolution
		HideSolutionNode = FALSE
	EndGlobalSection
	GlobalSection(ExtensibilityGlobals) = postSolution
		SolutionGuid = {53CA6D1E-8483-49B1-B91D-BA59957F23B9}
	EndGlobalSection
EndGlobal
